// !$*UTF8*$!
{
	archiveVersion = 1;
	classes = {
	};
	objectVersion = 50;
	objects = {

/* Begin PBXBuildFile section */
		845A2FEF236DDB8C00EB5EB9 /* CustomCell.swift in Sources */ = {isa = PBXBuildFile; fileRef = 845A2FED236DDB8C00EB5EB9 /* CustomCell.swift */; };
		845A2FF0236DDB8C00EB5EB9 /* CustomCell.xib in Resources */ = {isa = PBXBuildFile; fileRef = 845A2FEE236DDB8C00EB5EB9 /* CustomCell.xib */; };
		845A2FF3236DE70C00EB5EB9 /* ContactDetailViewController.swift in Sources */ = {isa = PBXBuildFile; fileRef = 845A2FF1236DE70C00EB5EB9 /* ContactDetailViewController.swift */; };
		845A2FF4236DE70C00EB5EB9 /* ContactDetailViewController.xib in Resources */ = {isa = PBXBuildFile; fileRef = 845A2FF2236DE70C00EB5EB9 /* ContactDetailViewController.xib */; };
		84F20F7E23773D2B00A8076D /* ContactsDataModel.xcdatamodeld in Sources */ = {isa = PBXBuildFile; fileRef = 84F20F7C23773D2B00A8076D /* ContactsDataModel.xcdatamodeld */; };
		84F20F8223773DD000A8076D /* CoreData.framework in Frameworks */ = {isa = PBXBuildFile; fileRef = 84F20F8023773DB200A8076D /* CoreData.framework */; };
		CA1F1EAE22F5EE53009DB88A /* AppDelegate.swift in Sources */ = {isa = PBXBuildFile; fileRef = CA1F1EAD22F5EE53009DB88A /* AppDelegate.swift */; };
		CA1F1EB022F5EE53009DB88A /* MasterViewController.swift in Sources */ = {isa = PBXBuildFile; fileRef = CA1F1EAF22F5EE53009DB88A /* MasterViewController.swift */; };
		CA1F1EB222F5EE53009DB88A /* DetailViewController.swift in Sources */ = {isa = PBXBuildFile; fileRef = CA1F1EB122F5EE53009DB88A /* DetailViewController.swift */; };
		CA1F1EB522F5EE53009DB88A /* Main.storyboard in Resources */ = {isa = PBXBuildFile; fileRef = CA1F1EB322F5EE53009DB88A /* Main.storyboard */; };
		CA1F1EB722F5EE53009DB88A /* Assets.xcassets in Resources */ = {isa = PBXBuildFile; fileRef = CA1F1EB622F5EE53009DB88A /* Assets.xcassets */; };
		CA1F1EBA22F5EE53009DB88A /* LaunchScreen.storyboard in Resources */ = {isa = PBXBuildFile; fileRef = CA1F1EB822F5EE53009DB88A /* LaunchScreen.storyboard */; };
/* End PBXBuildFile section */

/* Begin PBXFileReference section */
		845A2FED236DDB8C00EB5EB9 /* CustomCell.swift */ = {isa = PBXFileReference; lastKnownFileType = sourcecode.swift; path = CustomCell.swift; sourceTree = "<group>"; };
		845A2FEE236DDB8C00EB5EB9 /* CustomCell.xib */ = {isa = PBXFileReference; lastKnownFileType = file.xib; path = CustomCell.xib; sourceTree = "<group>"; };
		845A2FF1236DE70C00EB5EB9 /* ContactDetailViewController.swift */ = {isa = PBXFileReference; lastKnownFileType = sourcecode.swift; path = ContactDetailViewController.swift; sourceTree = "<group>"; };
		845A2FF2236DE70C00EB5EB9 /* ContactDetailViewController.xib */ = {isa = PBXFileReference; lastKnownFileType = file.xib; path = ContactDetailViewController.xib; sourceTree = "<group>"; };
		84F20F7D23773D2B00A8076D /* ContactsDataModel.xcdatamodel */ = {isa = PBXFileReference; lastKnownFileType = wrapper.xcdatamodel; path = ContactsDataModel.xcdatamodel; sourceTree = "<group>"; };
		84F20F8023773DB200A8076D /* CoreData.framework */ = {isa = PBXFileReference; lastKnownFileType = wrapper.framework; name = CoreData.framework; path = System/Library/Frameworks/CoreData.framework; sourceTree = SDKROOT; };
		CA1F1EAA22F5EE53009DB88A /* Dependencias.app */ = {isa = PBXFileReference; explicitFileType = wrapper.application; includeInIndex = 0; path = Dependencias.app; sourceTree = BUILT_PRODUCTS_DIR; };
		CA1F1EAD22F5EE53009DB88A /* AppDelegate.swift */ = {isa = PBXFileReference; lastKnownFileType = sourcecode.swift; path = AppDelegate.swift; sourceTree = "<group>"; };
		CA1F1EAF22F5EE53009DB88A /* MasterViewController.swift */ = {isa = PBXFileReference; lastKnownFileType = sourcecode.swift; path = MasterViewController.swift; sourceTree = "<group>"; };
		CA1F1EB122F5EE53009DB88A /* DetailViewController.swift */ = {isa = PBXFileReference; lastKnownFileType = sourcecode.swift; path = DetailViewController.swift; sourceTree = "<group>"; };
		CA1F1EB422F5EE53009DB88A /* Base */ = {isa = PBXFileReference; lastKnownFileType = file.storyboard; name = Base; path = Base.lproj/Main.storyboard; sourceTree = "<group>"; };
		CA1F1EB622F5EE53009DB88A /* Assets.xcassets */ = {isa = PBXFileReference; lastKnownFileType = folder.assetcatalog; path = Assets.xcassets; sourceTree = "<group>"; };
		CA1F1EB922F5EE53009DB88A /* Base */ = {isa = PBXFileReference; lastKnownFileType = file.storyboard; name = Base; path = Base.lproj/LaunchScreen.storyboard; sourceTree = "<group>"; };
		CA1F1EBB22F5EE53009DB88A /* Info.plist */ = {isa = PBXFileReference; lastKnownFileType = text.plist.xml; path = Info.plist; sourceTree = "<group>"; };
/* End PBXFileReference section */

/* Begin PBXFrameworksBuildPhase section */
		CA1F1EA722F5EE53009DB88A /* Frameworks */ = {
			isa = PBXFrameworksBuildPhase;
			buildActionMask = 2147483647;
			files = (
				84F20F8223773DD000A8076D /* CoreData.framework in Frameworks */,
			);
			runOnlyForDeploymentPostprocessing = 0;
		};
/* End PBXFrameworksBuildPhase section */

/* Begin PBXGroup section */
		84F20F7F23773DB200A8076D /* Frameworks */ = {
			isa = PBXGroup;
			children = (
				84F20F8023773DB200A8076D /* CoreData.framework */,
			);
			name = Frameworks;
			sourceTree = "<group>";
		};
		CA1F1EA122F5EE53009DB88A = {
			isa = PBXGroup;
			children = (
				CA1F1EAC22F5EE53009DB88A /* Dependencias */,
				CA1F1EAB22F5EE53009DB88A /* Products */,
				84F20F7F23773DB200A8076D /* Frameworks */,
			);
			sourceTree = "<group>";
		};
		CA1F1EAB22F5EE53009DB88A /* Products */ = {
			isa = PBXGroup;
			children = (
				CA1F1EAA22F5EE53009DB88A /* Dependencias.app */,
			);
			name = Products;
			sourceTree = "<group>";
		};
		CA1F1EAC22F5EE53009DB88A /* Dependencias */ = {
			isa = PBXGroup;
			children = (
				CA1F1EAD22F5EE53009DB88A /* AppDelegate.swift */,
				CA1F1EAF22F5EE53009DB88A /* MasterViewController.swift */,
				CA1F1EB122F5EE53009DB88A /* DetailViewController.swift */,
				CA1F1EB322F5EE53009DB88A /* Main.storyboard */,
				CA1F1EB622F5EE53009DB88A /* Assets.xcassets */,
				CA1F1EB822F5EE53009DB88A /* LaunchScreen.storyboard */,
				CA1F1EBB22F5EE53009DB88A /* Info.plist */,
				845A2FED236DDB8C00EB5EB9 /* CustomCell.swift */,
				845A2FEE236DDB8C00EB5EB9 /* CustomCell.xib */,
				845A2FF1236DE70C00EB5EB9 /* ContactDetailViewController.swift */,
				845A2FF2236DE70C00EB5EB9 /* ContactDetailViewController.xib */,
				84F20F7C23773D2B00A8076D /* ContactsDataModel.xcdatamodeld */,
			);
			path = Dependencias;
			sourceTree = "<group>";
		};
/* End PBXGroup section */

/* Begin PBXNativeTarget section */
		CA1F1EA922F5EE53009DB88A /* Dependencias */ = {
			isa = PBXNativeTarget;
			buildConfigurationList = CA1F1EBE22F5EE53009DB88A /* Build configuration list for PBXNativeTarget "Dependencias" */;
			buildPhases = (
				CA1F1EA622F5EE53009DB88A /* Sources */,
				CA1F1EA722F5EE53009DB88A /* Frameworks */,
				CA1F1EA822F5EE53009DB88A /* Resources */,
			);
			buildRules = (
			);
			dependencies = (
			);
			name = Dependencias;
			productName = Dependencias;
			productReference = CA1F1EAA22F5EE53009DB88A /* Dependencias.app */;
			productType = "com.apple.product-type.application";
		};
/* End PBXNativeTarget section */

/* Begin PBXProject section */
		CA1F1EA222F5EE53009DB88A /* Project object */ = {
			isa = PBXProject;
			attributes = {
				LastSwiftUpdateCheck = 1020;
				LastUpgradeCheck = 1020;
				ORGANIZATIONNAME = "Rigoberto Antonio Vides Rodriguez";
				TargetAttributes = {
					CA1F1EA922F5EE53009DB88A = {
						CreatedOnToolsVersion = 10.2;
					};
				};
			};
			buildConfigurationList = CA1F1EA522F5EE53009DB88A /* Build configuration list for PBXProject "Dependencias" */;
			compatibilityVersion = "Xcode 9.3";
			developmentRegion = en;
			hasScannedForEncodings = 0;
			knownRegions = (
				en,
				Base,
			);
			mainGroup = CA1F1EA122F5EE53009DB88A;
			productRefGroup = CA1F1EAB22F5EE53009DB88A /* Products */;
			projectDirPath = "";
			projectRoot = "";
			targets = (
				CA1F1EA922F5EE53009DB88A /* Dependencias */,
			);
		};
/* End PBXProject section */

/* Begin PBXResourcesBuildPhase section */
		CA1F1EA822F5EE53009DB88A /* Resources */ = {
			isa = PBXResourcesBuildPhase;
			buildActionMask = 2147483647;
			files = (
				CA1F1EBA22F5EE53009DB88A /* LaunchScreen.storyboard in Resources */,
				CA1F1EB722F5EE53009DB88A /* Assets.xcassets in Resources */,
				845A2FF0236DDB8C00EB5EB9 /* CustomCell.xib in Resources */,
				845A2FF4236DE70C00EB5EB9 /* ContactDetailViewController.xib in Resources */,
				CA1F1EB522F5EE53009DB88A /* Main.storyboard in Resources */,
			);
			runOnlyForDeploymentPostprocessing = 0;
		};
/* End PBXResourcesBuildPhase section */

/* Begin PBXSourcesBuildPhase section */
		CA1F1EA622F5EE53009DB88A /* Sources */ = {
			isa = PBXSourcesBuildPhase;
			buildActionMask = 2147483647;
			files = (
				84F20F7E23773D2B00A8076D /* ContactsDataModel.xcdatamodeld in Sources */,
				CA1F1EB222F5EE53009DB88A /* DetailViewController.swift in Sources */,
				845A2FF3236DE70C00EB5EB9 /* ContactDetailViewController.swift in Sources */,
				CA1F1EB022F5EE53009DB88A /* MasterViewController.swift in Sources */,
				845A2FEF236DDB8C00EB5EB9 /* CustomCell.swift in Sources */,
				CA1F1EAE22F5EE53009DB88A /* AppDelegate.swift in Sources */,
			);
			runOnlyForDeploymentPostprocessing = 0;
		};
/* End PBXSourcesBuildPhase section */

/* Begin PBXVariantGroup section */
		CA1F1EB322F5EE53009DB88A /* Main.storyboard */ = {
			isa = PBXVariantGroup;
			children = (
				CA1F1EB422F5EE53009DB88A /* Base */,
			);
			name = Main.storyboard;
			sourceTree = "<group>";
		};
		CA1F1EB822F5EE53009DB88A /* LaunchScreen.storyboard */ = {
			isa = PBXVariantGroup;
			children = (
				CA1F1EB922F5EE53009DB88A /* Base */,
			);
			name = LaunchScreen.storyboard;
			sourceTree = "<group>";
		};
/* End PBXVariantGroup section */

/* Begin XCBuildConfiguration section */
		CA1F1EBC22F5EE53009DB88A /* Debug */ = {
			isa = XCBuildConfiguration;
			buildSettings = {
				ALWAYS_SEARCH_USER_PATHS = NO;
				CLANG_ANALYZER_NONNULL = YES;
				CLANG_ANALYZER_NUMBER_OBJECT_CONVERSION = YES_AGGRESSIVE;
				CLANG_CXX_LANGUAGE_STANDARD = "gnu++14";
				CLANG_CXX_LIBRARY = "libc++";
				CLANG_ENABLE_MODULES = YES;
				CLANG_ENABLE_OBJC_ARC = YES;
				CLANG_ENABLE_OBJC_WEAK = YES;
				CLANG_WARN_BLOCK_CAPTURE_AUTORELEASING = YES;
				CLANG_WARN_BOOL_CONVERSION = YES;
				CLANG_WARN_COMMA = YES;
				CLANG_WARN_CONSTANT_CONVERSION = YES;
				CLANG_WARN_DEPRECATED_OBJC_IMPLEMENTATIONS = YES;
				CLANG_WARN_DIRECT_OBJC_ISA_USAGE = YES_ERROR;
				CLANG_WARN_DOCUMENTATION_COMMENTS = YES;
				CLANG_WARN_EMPTY_BODY = YES;
				CLANG_WARN_ENUM_CONVERSION = YES;
				CLANG_WARN_INFINITE_RECURSION = YES;
				CLANG_WARN_INT_CONVERSION = YES;
				CLANG_WARN_NON_LITERAL_NULL_CONVERSION = YES;
				CLANG_WARN_OBJC_IMPLICIT_RETAIN_SELF = YES;
				CLANG_WARN_OBJC_LITERAL_CONVERSION = YES;
				CLANG_WARN_OBJC_ROOT_CLASS = YES_ERROR;
				CLANG_WARN_RANGE_LOOP_ANALYSIS = YES;
				CLANG_WARN_STRICT_PROTOTYPES = YES;
				CLANG_WARN_SUSPICIOUS_MOVE = YES;
				CLANG_WARN_UNGUARDED_AVAILABILITY = YES_AGGRESSIVE;
				CLANG_WARN_UNREACHABLE_CODE = YES;
				CLANG_WARN__DUPLICATE_METHOD_MATCH = YES;
				CODE_SIGN_IDENTITY = "iPhone Developer";
				COPY_PHASE_STRIP = NO;
				DEBUG_INFORMATION_FORMAT = dwarf;
				ENABLE_STRICT_OBJC_MSGSEND = YES;
				ENABLE_TESTABILITY = YES;
				GCC_C_LANGUAGE_STANDARD = gnu11;
				GCC_DYNAMIC_NO_PIC = NO;
				GCC_NO_COMMON_BLOCKS = YES;
				GCC_OPTIMIZATION_LEVEL = 0;
				GCC_PREPROCESSOR_DEFINITIONS = (
					"DEBUG=1",
					"$(inherited)",
				);
				GCC_WARN_64_TO_32_BIT_CONVERSION = YES;
				GCC_WARN_ABOUT_RETURN_TYPE = YES_ERROR;
				GCC_WARN_UNDECLARED_SELECTOR = YES;
				GCC_WARN_UNINITIALIZED_AUTOS = YES_AGGRESSIVE;
				GCC_WARN_UNUSED_FUNCTION = YES;
				GCC_WARN_UNUSED_VARIABLE = YES;
				IPHONEOS_DEPLOYMENT_TARGET = 12.2;
				MTL_ENABLE_DEBUG_INFO = INCLUDE_SOURCE;
				MTL_FAST_MATH = YES;
				ONLY_ACTIVE_ARCH = YES;
				SDKROOT = iphoneos;
				SWIFT_ACTIVE_COMPILATION_CONDITIONS = DEBUG;
				SWIFT_OPTIMIZATION_LEVEL = "-Onone";
			};
			name = Debug;
		};
		CA1F1EBD22F5EE53009DB88A /* Release */ = {
			isa = XCBuildConfiguration;
			buildSettings = {
				ALWAYS_SEARCH_USER_PATHS = NO;
				CLANG_ANALYZER_NONNULL = YES;
				CLANG_ANALYZER_NUMBER_OBJECT_CONVERSION = YES_AGGRESSIVE;
				CLANG_CXX_LANGUAGE_STANDARD = "gnu++14";
				CLANG_CXX_LIBRARY = "libc++";
				CLANG_ENABLE_MODULES = YES;
				CLANG_ENABLE_OBJC_ARC = YES;
				CLANG_ENABLE_OBJC_WEAK = YES;
				CLANG_WARN_BLOCK_CAPTURE_AUTORELEASING = YES;
				CLANG_WARN_BOOL_CONVERSION = YES;
				CLANG_WARN_COMMA = YES;
				CLANG_WARN_CONSTANT_CONVERSION = YES;
				CLANG_WARN_DEPRECATED_OBJC_IMPLEMENTATIONS = YES;
				CLANG_WARN_DIRECT_OBJC_ISA_USAGE = YES_ERROR;
				CLANG_WARN_DOCUMENTATION_COMMENTS = YES;
				CLANG_WARN_EMPTY_BODY = YES;
				CLANG_WARN_ENUM_CONVERSION = YES;
				CLANG_WARN_INFINITE_RECURSION = YES;
				CLANG_WARN_INT_CONVERSION = YES;
				CLANG_WARN_NON_LITERAL_NULL_CONVERSION = YES;
				CLANG_WARN_OBJC_IMPLICIT_RETAIN_SELF = YES;
				CLANG_WARN_OBJC_LITERAL_CONVERSION = YES;
				CLANG_WARN_OBJC_ROOT_CLASS = YES_ERROR;
				CLANG_WARN_RANGE_LOOP_ANALYSIS = YES;
				CLANG_WARN_STRICT_PROTOTYPES = YES;
				CLANG_WARN_SUSPICIOUS_MOVE = YES;
				CLANG_WARN_UNGUARDED_AVAILABILITY = YES_AGGRESSIVE;
				CLANG_WARN_UNREACHABLE_CODE = YES;
				CLANG_WARN__DUPLICATE_METHOD_MATCH = YES;
				CODE_SIGN_IDENTITY = "iPhone Developer";
				COPY_PHASE_STRIP = NO;
				DEBUG_INFORMATION_FORMAT = "dwarf-with-dsym";
				ENABLE_NS_ASSERTIONS = NO;
				ENABLE_STRICT_OBJC_MSGSEND = YES;
				GCC_C_LANGUAGE_STANDARD = gnu11;
				GCC_NO_COMMON_BLOCKS = YES;
				GCC_WARN_64_TO_32_BIT_CONVERSION = YES;
				GCC_WARN_ABOUT_RETURN_TYPE = YES_ERROR;
				GCC_WARN_UNDECLARED_SELECTOR = YES;
				GCC_WARN_UNINITIALIZED_AUTOS = YES_AGGRESSIVE;
				GCC_WARN_UNUSED_FUNCTION = YES;
				GCC_WARN_UNUSED_VARIABLE = YES;
				IPHONEOS_DEPLOYMENT_TARGET = 12.2;
				MTL_ENABLE_DEBUG_INFO = NO;
				MTL_FAST_MATH = YES;
				SDKROOT = iphoneos;
				SWIFT_COMPILATION_MODE = wholemodule;
				SWIFT_OPTIMIZATION_LEVEL = "-O";
				VALIDATE_PRODUCT = YES;
			};
			name = Release;
		};
		CA1F1EBF22F5EE53009DB88A /* Debug */ = {
			isa = XCBuildConfiguration;
			buildSettings = {
				ASSETCATALOG_COMPILER_APPICON_NAME = AppIcon;
				CODE_SIGN_STYLE = Automatic;
				INFOPLIST_FILE = Dependencias/Info.plist;
				LD_RUNPATH_SEARCH_PATHS = (
					"$(inherited)",
					"@executable_path/Frameworks",
				);
				PRODUCT_BUNDLE_IDENTIFIER = com.mycompany.Dependencias;
				PRODUCT_NAME = "$(TARGET_NAME)";
				SWIFT_VERSION = 5.0;
				TARGETED_DEVICE_FAMILY = "1,2";
			};
			name = Debug;
		};
		CA1F1EC022F5EE53009DB88A /* Release */ = {
			isa = XCBuildConfiguration;
			buildSettings = {
				ASSETCATALOG_COMPILER_APPICON_NAME = AppIcon;
				CODE_SIGN_STYLE = Automatic;
				INFOPLIST_FILE = Dependencias/Info.plist;
				LD_RUNPATH_SEARCH_PATHS = (
					"$(inherited)",
					"@executable_path/Frameworks",
				);
				PRODUCT_BUNDLE_IDENTIFIER = com.mycompany.Dependencias;
				PRODUCT_NAME = "$(TARGET_NAME)";
				SWIFT_VERSION = 5.0;
				TARGETED_DEVICE_FAMILY = "1,2";
			};
			name = Release;
		};
/* End XCBuildConfiguration section */

/* Begin XCConfigurationList section */
		CA1F1EA522F5EE53009DB88A /* Build configuration list for PBXProject "Dependencias" */ = {
			isa = XCConfigurationList;
			buildConfigurations = (
				CA1F1EBC22F5EE53009DB88A /* Debug */,
				CA1F1EBD22F5EE53009DB88A /* Release */,
			);
			defaultConfigurationIsVisible = 0;
			defaultConfigurationName = Release;
		};
		CA1F1EBE22F5EE53009DB88A /* Build configuration list for PBXNativeTarget "Dependencias" */ = {
			isa = XCConfigurationList;
			buildConfigurations = (
				CA1F1EBF22F5EE53009DB88A /* Debug */,
				CA1F1EC022F5EE53009DB88A /* Release */,
			);
			defaultConfigurationIsVisible = 0;
			defaultConfigurationName = Release;
		};
/* End XCConfigurationList section */

/* Begin XCVersionGroup section */
		84F20F7C23773D2B00A8076D /* ContactsDataModel.xcdatamodeld */ = {
			isa = XCVersionGroup;
			children = (
				84F20F7D23773D2B00A8076D /* ContactsDataModel.xcdatamodel */,
			);
			currentVersion = 84F20F7D23773D2B00A8076D /* ContactsDataModel.xcdatamodel */;
			path = ContactsDataModel.xcdatamodeld;
			sourceTree = "<group>";
			versionGroupType = wrapper.xcdatamodel;
		};
/* End XCVersionGroup section */
	};
	rootObject = CA1F1EA222F5EE53009DB88A /* Project object */;
}
